
Microsoft Visual Studio Solution File, Format Version 12.00
# Visual Studio Version 17
VisualStudioVersion = 17.11.35222.181
MinimumVisualStudioVersion = 10.0.40219.1
Project("{9A19103F-16F7-4668-BE54-9A1E7A4F7556}") = "Lab1", "Lab1\Lab1.csproj", "{B496DBF5-27FB-4B7B-B795-FA9C69F0613D}"
EndProject
Global
	GlobalSection(SolutionConfigurationPlatforms) = preSolution
		Debug|Any CPU = Debug|Any CPU
		Release|Any CPU = Release|Any CPU
	EndGlobalSection
	GlobalSection(ProjectConfigurationPlatforms) = postSolution
		{B496DBF5-27FB-4B7B-B795-FA9C69F0613D}.Debug|Any CPU.ActiveCfg = Debug|Any CPU
		{B496DBF5-27FB-4B7B-B795-FA9C69F0613D}.Debug|Any CPU.Build.0 = Debug|Any CPU
		{B496DBF5-27FB-4B7B-B795-FA9C69F0613D}.Release|Any CPU.ActiveCfg = Release|Any CPU
		{B496DBF5-27FB-4B7B-B795-FA9C69F0613D}.Release|Any CPU.Build.0 = Release|Any CPU
	EndGlobalSection
	GlobalSection(SolutionProperties) = preSolution
		HideSolutionNode = FALSE
	EndGlobalSection
	GlobalSection(ExtensibilityGlobals) = postSolution
		SolutionGuid = {1B9B93C4-CCDF-4EED-ABE1-6E4A67941324}
	EndGlobalSection
EndGlobal
